{
  "name": "nodejs_express_mongo",
  "version": "1.0.0",
  "lockfileVersion": 3,
  "requires": true,
  "packages": {
    "": {
      "name": "nodejs_express_mongo",
      "version": "1.0.0",
      "license": "ISC",
      "dependencies": {
        "nodejs_express_mongo": "file:"
      }
    },
    "node_modules/nodejs_express_mongo": {
      "resolved": "",
      "link": true
    }
  }
}
